schema: '2.0'
stages:
  download:
    cmd: python download.py
    deps:
    - path: download.py
      hash: md5
      md5: 0c8a36ce26fb1250f08a89d192e8979b
      size: 2796
    params:
      params.yaml:
        n_locs: 3
        year: 2002
    outs:
    - path: Data/
      hash: md5
      md5: 5549c31cb1b5f1f0d3c2cb3567a2bcc6.dir
      size: 12506560
      nfiles: 3
  prepare:
    cmd: python prepare.py
    deps:
    - path: Data/
      hash: md5
      md5: 5549c31cb1b5f1f0d3c2cb3567a2bcc6.dir
      size: 12506560
      nfiles: 3
    - path: prepare.py
      hash: md5
      md5: 176434348c1901618d8f671ddc04858b
      size: 3424
    outs:
    - path: extracted_monthly_averages.csv
      hash: md5
      md5: c7fff1e64f8122f02f68ceeaf935e80c
      size: 1293
    - path: list_of_fields.npy
      hash: md5
      md5: 62ea92e64cab3bea8add1b1e1a7062c6
      size: 351
  process:
    cmd: python process.py
    deps:
    - path: Data/
      hash: md5
      md5: 5549c31cb1b5f1f0d3c2cb3567a2bcc6.dir
      size: 12506560
      nfiles: 3
    - path: list_of_fields.npy
      hash: md5
      md5: 62ea92e64cab3bea8add1b1e1a7062c6
      size: 351
    - path: process.py
      hash: md5
      md5: 8442fe0fa6841102df73810230e80457
      size: 2360
    outs:
    - path: computed_monthly_averages.csv
      hash: md5
      md5: 65a25c8bac3cf0e4eb88c5e2f6c7952c
      size: 2627
  evaluate:
    cmd: python evaluate.py
    deps:
    - path: computed_monthly_averages.csv
      hash: md5
      md5: 65a25c8bac3cf0e4eb88c5e2f6c7952c
      size: 2627
    - path: evaluate.py
      hash: md5
      md5: 798a2936082c8ef40851deadffbaec16
      size: 1363
    - path: extracted_monthly_averages.csv
      hash: md5
      md5: c7fff1e64f8122f02f68ceeaf935e80c
      size: 1293
